<?xml version="1.0" encoding="utf-8"?>
<Project ToolsVersion="4.0" xmlns="http://schemas.microsoft.com/developer/msbuild/2003">
  <ItemGroup>
    <Filter Include="Source Files">
      <UniqueIdentifier>{4FC737F1-C7A5-4376-A066-2A32D752A2FF}</UniqueIdentifier>
      <Extensions>cpp;c;cc;cxx;def;odl;idl;hpj;bat;asm;asmx</Extensions>
    </Filter>
    <Filter Include="Header Files">
      <UniqueIdentifier>{93995380-89BD-4b04-88EB-625FBE52EBFB}</UniqueIdentifier>
      <Extensions>h;hh;hpp;hxx;hm;inl;inc;xsd</Extensions>
    </Filter>
    <Filter Include="Header Files\Window">
      <UniqueIdentifier>{c0e1bf61-1d6d-446b-a019-999278df4b65}</UniqueIdentifier>
    </Filter>
    <Filter Include="Header Files\Helper">
      <UniqueIdentifier>{76e6b2d9-80b1-46a7-b79e-45bd8bd4499b}</UniqueIdentifier>
    </Filter>
    <Filter Include="Source Files\Helper">
      <UniqueIdentifier>{1499561f-b003-4dd4-8a79-279afb164af9}</UniqueIdentifier>
    </Filter>
    <Filter Include="Source Files\Window">
      <UniqueIdentifier>{384fb1e3-783f-42f6-a851-d00ca2e2d593}</UniqueIdentifier>
    </Filter>
    <Filter Include="Header Files\Files">
      <UniqueIdentifier>{4e1c019b-701b-44b7-849e-756d2656cd59}</UniqueIdentifier>
    </Filter>
    <Filter Include="Header Files\Types">
      <UniqueIdentifier>{dc86951a-84b5-4aac-ae30-2059f8922970}</UniqueIdentifier>
    </Filter>
    <Filter Include="Source Files\Files">
      <UniqueIdentifier>{1124d019-bc5a-4a57-8d0a-805eebc1c311}</UniqueIdentifier>
    </Filter>
    <Filter Include="Header Files\Image Reading">
      <UniqueIdentifier>{c8f73d78-c1ca-48d3-a68b-ce199a46514e}</UniqueIdentifier>
    </Filter>
    <Filter Include="Source Files\Image Reading">
      <UniqueIdentifier>{42b7793b-2bf5-481a-a0b0-ab04f24ff166}</UniqueIdentifier>
    </Filter>
  </ItemGroup>
  <ItemGroup>
    <ClInclude Include="types.h">
      <Filter>Header Files\Helper</Filter>
    </ClInclude>
    <ClInclude Include="window_win32_internal.h">
      <Filter>Header Files\Window</Filter>
    </ClInclude>
    <ClInclude Include="window_base.h">
      <Filter>Header Files\Window</Filter>
    </ClInclude>
    <ClInclude Include="platform.h">
      <Filter>Header Files\Helper</Filter>
    </ClInclude>
    <ClInclude Include="debug.h">
      <Filter>Header Files\Helper</Filter>
    </ClInclude>
    <ClInclude Include="timing.h">
      <Filter>Header Files\Types</Filter>
    </ClInclude>
    <ClInclude Include="str.h">
      <Filter>Header Files\Types</Filter>
    </ClInclude>
    <ClInclude Include="logging.h">
      <Filter>Header Files\Files</Filter>
    </ClInclude>
    <ClInclude Include="file.h">
      <Filter>Header Files\Files</Filter>
    </ClInclude>
    <ClInclude Include="pngreader.h">
      <Filter>Header Files\Image Reading</Filter>
    </ClInclude>
  </ItemGroup>
  <ItemGroup>
    <ClCompile Include="main.cpp">
      <Filter>Source Files</Filter>
    </ClCompile>
    <ClCompile Include="debug.cpp">
      <Filter>Source Files\Helper</Filter>
    </ClCompile>
    <ClCompile Include="window_base.cpp">
      <Filter>Source Files\Window</Filter>
    </ClCompile>
    <ClCompile Include="logging.cpp">
      <Filter>Source Files\Helper</Filter>
    </ClCompile>
    <ClCompile Include="timing.cpp">
      <Filter>Source Files\Helper</Filter>
    </ClCompile>
    <ClCompile Include="file.cpp">
      <Filter>Source Files\Files</Filter>
    </ClCompile>
    <ClCompile Include="str.cpp">
      <Filter>Source Files\Helper</Filter>
    </ClCompile>
    <ClCompile Include="pngreader.cpp">
      <Filter>Source Files\Image Reading</Filter>
    </ClCompile>
  </ItemGroup>
</Project>